
Microsoft Visual Studio Solution File, Format Version 12.00
# Visual Studio 15
VisualStudioVersion = 15.0.26124.0
MinimumVisualStudioVersion = 15.0.26124.0
Project("{2150E333-8FDC-42A3-9474-1A3956D46DE8}") = "src", "src", "{510314F1-D0EC-4897-A915-66F8C68EA0CC}"
EndProject
Project("{FAE04EC0-301F-11D3-BF4B-00C04F79EFBC}") = "Boilerplate.Store", "src\Boilerplate.Store\Boilerplate.Store.csproj", "{87DE735B-DCE9-4873-8051-C9CC3ECBAA32}"
EndProject
Project("{FAE04EC0-301F-11D3-BF4B-00C04F79EFBC}") = "Boilerplate.Api", "src\Boilerplate.Api\Boilerplate.Api.csproj", "{C9E5EA2E-5118-498A-AC61-01FD919B0B7A}"
EndProject
Global
	GlobalSection(SolutionConfigurationPlatforms) = preSolution
		Debug|Any CPU = Debug|Any CPU
		Debug|x64 = Debug|x64
		Debug|x86 = Debug|x86
		Release|Any CPU = Release|Any CPU
		Release|x64 = Release|x64
		Release|x86 = Release|x86
	EndGlobalSection
	GlobalSection(SolutionProperties) = preSolution
		HideSolutionNode = FALSE
	EndGlobalSection
	GlobalSection(ProjectConfigurationPlatforms) = postSolution
		{87DE735B-DCE9-4873-8051-C9CC3ECBAA32}.Debug|Any CPU.ActiveCfg = Debug|Any CPU
		{87DE735B-DCE9-4873-8051-C9CC3ECBAA32}.Debug|Any CPU.Build.0 = Debug|Any CPU
		{87DE735B-DCE9-4873-8051-C9CC3ECBAA32}.Debug|x64.ActiveCfg = Debug|Any CPU
		{87DE735B-DCE9-4873-8051-C9CC3ECBAA32}.Debug|x64.Build.0 = Debug|Any CPU
		{87DE735B-DCE9-4873-8051-C9CC3ECBAA32}.Debug|x86.ActiveCfg = Debug|Any CPU
		{87DE735B-DCE9-4873-8051-C9CC3ECBAA32}.Debug|x86.Build.0 = Debug|Any CPU
		{87DE735B-DCE9-4873-8051-C9CC3ECBAA32}.Release|Any CPU.ActiveCfg = Release|Any CPU
		{87DE735B-DCE9-4873-8051-C9CC3ECBAA32}.Release|Any CPU.Build.0 = Release|Any CPU
		{87DE735B-DCE9-4873-8051-C9CC3ECBAA32}.Release|x64.ActiveCfg = Release|Any CPU
		{87DE735B-DCE9-4873-8051-C9CC3ECBAA32}.Release|x64.Build.0 = Release|Any CPU
		{87DE735B-DCE9-4873-8051-C9CC3ECBAA32}.Release|x86.ActiveCfg = Release|Any CPU
		{87DE735B-DCE9-4873-8051-C9CC3ECBAA32}.Release|x86.Build.0 = Release|Any CPU
		{C9E5EA2E-5118-498A-AC61-01FD919B0B7A}.Debug|Any CPU.ActiveCfg = Debug|Any CPU
		{C9E5EA2E-5118-498A-AC61-01FD919B0B7A}.Debug|Any CPU.Build.0 = Debug|Any CPU
		{C9E5EA2E-5118-498A-AC61-01FD919B0B7A}.Debug|x64.ActiveCfg = Debug|Any CPU
		{C9E5EA2E-5118-498A-AC61-01FD919B0B7A}.Debug|x64.Build.0 = Debug|Any CPU
		{C9E5EA2E-5118-498A-AC61-01FD919B0B7A}.Debug|x86.ActiveCfg = Debug|Any CPU
		{C9E5EA2E-5118-498A-AC61-01FD919B0B7A}.Debug|x86.Build.0 = Debug|Any CPU
		{C9E5EA2E-5118-498A-AC61-01FD919B0B7A}.Release|Any CPU.ActiveCfg = Release|Any CPU
		{C9E5EA2E-5118-498A-AC61-01FD919B0B7A}.Release|Any CPU.Build.0 = Release|Any CPU
		{C9E5EA2E-5118-498A-AC61-01FD919B0B7A}.Release|x64.ActiveCfg = Release|Any CPU
		{C9E5EA2E-5118-498A-AC61-01FD919B0B7A}.Release|x64.Build.0 = Release|Any CPU
		{C9E5EA2E-5118-498A-AC61-01FD919B0B7A}.Release|x86.ActiveCfg = Release|Any CPU
		{C9E5EA2E-5118-498A-AC61-01FD919B0B7A}.Release|x86.Build.0 = Release|Any CPU
	EndGlobalSection
	GlobalSection(NestedProjects) = preSolution
		{87DE735B-DCE9-4873-8051-C9CC3ECBAA32} = {510314F1-D0EC-4897-A915-66F8C68EA0CC}
		{C9E5EA2E-5118-498A-AC61-01FD919B0B7A} = {510314F1-D0EC-4897-A915-66F8C68EA0CC}
	EndGlobalSection
EndGlobal
