
Microsoft Visual Studio Solution File, Format Version 12.00
# Visual Studio 15
VisualStudioVersion = 15.0.26124.0
MinimumVisualStudioVersion = 15.0.26124.0
Project("{2150E333-8FDC-42A3-9474-1A3956D46DE8}") = "src", "src", "{510314F1-D0EC-4897-A915-66F8C68EA0CC}"
EndProject
Project("{FAE04EC0-301F-11D3-BF4B-00C04F79EFBC}") = "Boilerplate.Store", "src\Boilerplate.Store\Boilerplate.Store.csproj", "{87DE735B-DCE9-4873-8051-C9CC3ECBAA32}"
EndProject
Project("{FAE04EC0-301F-11D3-BF4B-00C04F79EFBC}") = "Boilerplate.Api", "src\Boilerplate.Api\Boilerplate.Api.csproj", "{C9E5EA2E-5118-498A-AC61-01FD919B0B7A}"
EndProject
Project("{FAE04EC0-301F-11D3-BF4B-00C04F79EFBC}") = "Boilerplate.Utils.Logging", "src\Boilerplate.Utils.Logging\Boilerplate.Utils.Logging.csproj", "{95DD5CAF-6067-4162-B1F2-913376862613}"
EndProject
Project("{2150E333-8FDC-42A3-9474-1A3956D46DE8}") = "tests", "tests", "{5BC7068E-D115-44C4-A285-B4FB9389B0AE}"
EndProject
Project("{FAE04EC0-301F-11D3-BF4B-00C04F79EFBC}") = "Boilerplate.Store.Tests", "tests\Boilerplate.Store.Tests\Boilerplate.Store.Tests.csproj", "{165E54F0-428A-46BF-A347-B5C6F222854F}"
EndProject
Project("{FAE04EC0-301F-11D3-BF4B-00C04F79EFBC}") = "Boilerplate.Utils.Monitoring", "src\Boilerplate.Utils.Monitoring\Boilerplate.Utils.Monitoring.csproj", "{6A567326-745B-49B9-86DF-FE66B4B63AC4}"
EndProject
Project("{FAE04EC0-301F-11D3-BF4B-00C04F79EFBC}") = "Boilerplate.Utils.Json", "src\Boilerplate.Utils.Json\Boilerplate.Utils.Json.csproj", "{5A19DBA0-E8D6-427D-BAB8-1AF865C8644E}"
EndProject
Project("{FAE04EC0-301F-11D3-BF4B-00C04F79EFBC}") = "Boilerplate.IdentityServer", "src\Boilerplate.IdentityServer\Boilerplate.IdentityServer.csproj", "{18D59B3C-DA88-4785-9A38-DDA095463505}"
EndProject
Global
	GlobalSection(SolutionConfigurationPlatforms) = preSolution
		Debug|Any CPU = Debug|Any CPU
		Debug|x64 = Debug|x64
		Debug|x86 = Debug|x86
		Release|Any CPU = Release|Any CPU
		Release|x64 = Release|x64
		Release|x86 = Release|x86
	EndGlobalSection
	GlobalSection(SolutionProperties) = preSolution
		HideSolutionNode = FALSE
	EndGlobalSection
	GlobalSection(ProjectConfigurationPlatforms) = postSolution
		{87DE735B-DCE9-4873-8051-C9CC3ECBAA32}.Debug|Any CPU.ActiveCfg = Debug|Any CPU
		{87DE735B-DCE9-4873-8051-C9CC3ECBAA32}.Debug|Any CPU.Build.0 = Debug|Any CPU
		{87DE735B-DCE9-4873-8051-C9CC3ECBAA32}.Debug|x64.ActiveCfg = Debug|Any CPU
		{87DE735B-DCE9-4873-8051-C9CC3ECBAA32}.Debug|x64.Build.0 = Debug|Any CPU
		{87DE735B-DCE9-4873-8051-C9CC3ECBAA32}.Debug|x86.ActiveCfg = Debug|Any CPU
		{87DE735B-DCE9-4873-8051-C9CC3ECBAA32}.Debug|x86.Build.0 = Debug|Any CPU
		{87DE735B-DCE9-4873-8051-C9CC3ECBAA32}.Release|Any CPU.ActiveCfg = Release|Any CPU
		{87DE735B-DCE9-4873-8051-C9CC3ECBAA32}.Release|Any CPU.Build.0 = Release|Any CPU
		{87DE735B-DCE9-4873-8051-C9CC3ECBAA32}.Release|x64.ActiveCfg = Release|Any CPU
		{87DE735B-DCE9-4873-8051-C9CC3ECBAA32}.Release|x64.Build.0 = Release|Any CPU
		{87DE735B-DCE9-4873-8051-C9CC3ECBAA32}.Release|x86.ActiveCfg = Release|Any CPU
		{87DE735B-DCE9-4873-8051-C9CC3ECBAA32}.Release|x86.Build.0 = Release|Any CPU
		{C9E5EA2E-5118-498A-AC61-01FD919B0B7A}.Debug|Any CPU.ActiveCfg = Debug|Any CPU
		{C9E5EA2E-5118-498A-AC61-01FD919B0B7A}.Debug|Any CPU.Build.0 = Debug|Any CPU
		{C9E5EA2E-5118-498A-AC61-01FD919B0B7A}.Debug|x64.ActiveCfg = Debug|Any CPU
		{C9E5EA2E-5118-498A-AC61-01FD919B0B7A}.Debug|x64.Build.0 = Debug|Any CPU
		{C9E5EA2E-5118-498A-AC61-01FD919B0B7A}.Debug|x86.ActiveCfg = Debug|Any CPU
		{C9E5EA2E-5118-498A-AC61-01FD919B0B7A}.Debug|x86.Build.0 = Debug|Any CPU
		{C9E5EA2E-5118-498A-AC61-01FD919B0B7A}.Release|Any CPU.ActiveCfg = Release|Any CPU
		{C9E5EA2E-5118-498A-AC61-01FD919B0B7A}.Release|Any CPU.Build.0 = Release|Any CPU
		{C9E5EA2E-5118-498A-AC61-01FD919B0B7A}.Release|x64.ActiveCfg = Release|Any CPU
		{C9E5EA2E-5118-498A-AC61-01FD919B0B7A}.Release|x64.Build.0 = Release|Any CPU
		{C9E5EA2E-5118-498A-AC61-01FD919B0B7A}.Release|x86.ActiveCfg = Release|Any CPU
		{C9E5EA2E-5118-498A-AC61-01FD919B0B7A}.Release|x86.Build.0 = Release|Any CPU
		{95DD5CAF-6067-4162-B1F2-913376862613}.Debug|Any CPU.ActiveCfg = Debug|Any CPU
		{95DD5CAF-6067-4162-B1F2-913376862613}.Debug|Any CPU.Build.0 = Debug|Any CPU
		{95DD5CAF-6067-4162-B1F2-913376862613}.Debug|x64.ActiveCfg = Debug|Any CPU
		{95DD5CAF-6067-4162-B1F2-913376862613}.Debug|x64.Build.0 = Debug|Any CPU
		{95DD5CAF-6067-4162-B1F2-913376862613}.Debug|x86.ActiveCfg = Debug|Any CPU
		{95DD5CAF-6067-4162-B1F2-913376862613}.Debug|x86.Build.0 = Debug|Any CPU
		{95DD5CAF-6067-4162-B1F2-913376862613}.Release|Any CPU.ActiveCfg = Release|Any CPU
		{95DD5CAF-6067-4162-B1F2-913376862613}.Release|Any CPU.Build.0 = Release|Any CPU
		{95DD5CAF-6067-4162-B1F2-913376862613}.Release|x64.ActiveCfg = Release|Any CPU
		{95DD5CAF-6067-4162-B1F2-913376862613}.Release|x64.Build.0 = Release|Any CPU
		{95DD5CAF-6067-4162-B1F2-913376862613}.Release|x86.ActiveCfg = Release|Any CPU
		{95DD5CAF-6067-4162-B1F2-913376862613}.Release|x86.Build.0 = Release|Any CPU
		{165E54F0-428A-46BF-A347-B5C6F222854F}.Debug|Any CPU.ActiveCfg = Debug|Any CPU
		{165E54F0-428A-46BF-A347-B5C6F222854F}.Debug|Any CPU.Build.0 = Debug|Any CPU
		{165E54F0-428A-46BF-A347-B5C6F222854F}.Debug|x64.ActiveCfg = Debug|Any CPU
		{165E54F0-428A-46BF-A347-B5C6F222854F}.Debug|x64.Build.0 = Debug|Any CPU
		{165E54F0-428A-46BF-A347-B5C6F222854F}.Debug|x86.ActiveCfg = Debug|Any CPU
		{165E54F0-428A-46BF-A347-B5C6F222854F}.Debug|x86.Build.0 = Debug|Any CPU
		{165E54F0-428A-46BF-A347-B5C6F222854F}.Release|Any CPU.ActiveCfg = Release|Any CPU
		{165E54F0-428A-46BF-A347-B5C6F222854F}.Release|Any CPU.Build.0 = Release|Any CPU
		{165E54F0-428A-46BF-A347-B5C6F222854F}.Release|x64.ActiveCfg = Release|Any CPU
		{165E54F0-428A-46BF-A347-B5C6F222854F}.Release|x64.Build.0 = Release|Any CPU
		{165E54F0-428A-46BF-A347-B5C6F222854F}.Release|x86.ActiveCfg = Release|Any CPU
		{165E54F0-428A-46BF-A347-B5C6F222854F}.Release|x86.Build.0 = Release|Any CPU
		{6A567326-745B-49B9-86DF-FE66B4B63AC4}.Debug|Any CPU.ActiveCfg = Debug|Any CPU
		{6A567326-745B-49B9-86DF-FE66B4B63AC4}.Debug|Any CPU.Build.0 = Debug|Any CPU
		{6A567326-745B-49B9-86DF-FE66B4B63AC4}.Debug|x64.ActiveCfg = Debug|Any CPU
		{6A567326-745B-49B9-86DF-FE66B4B63AC4}.Debug|x64.Build.0 = Debug|Any CPU
		{6A567326-745B-49B9-86DF-FE66B4B63AC4}.Debug|x86.ActiveCfg = Debug|Any CPU
		{6A567326-745B-49B9-86DF-FE66B4B63AC4}.Debug|x86.Build.0 = Debug|Any CPU
		{6A567326-745B-49B9-86DF-FE66B4B63AC4}.Release|Any CPU.ActiveCfg = Release|Any CPU
		{6A567326-745B-49B9-86DF-FE66B4B63AC4}.Release|Any CPU.Build.0 = Release|Any CPU
		{6A567326-745B-49B9-86DF-FE66B4B63AC4}.Release|x64.ActiveCfg = Release|Any CPU
		{6A567326-745B-49B9-86DF-FE66B4B63AC4}.Release|x64.Build.0 = Release|Any CPU
		{6A567326-745B-49B9-86DF-FE66B4B63AC4}.Release|x86.ActiveCfg = Release|Any CPU
		{6A567326-745B-49B9-86DF-FE66B4B63AC4}.Release|x86.Build.0 = Release|Any CPU
		{5A19DBA0-E8D6-427D-BAB8-1AF865C8644E}.Debug|Any CPU.ActiveCfg = Debug|Any CPU
		{5A19DBA0-E8D6-427D-BAB8-1AF865C8644E}.Debug|Any CPU.Build.0 = Debug|Any CPU
		{5A19DBA0-E8D6-427D-BAB8-1AF865C8644E}.Debug|x64.ActiveCfg = Debug|Any CPU
		{5A19DBA0-E8D6-427D-BAB8-1AF865C8644E}.Debug|x64.Build.0 = Debug|Any CPU
		{5A19DBA0-E8D6-427D-BAB8-1AF865C8644E}.Debug|x86.ActiveCfg = Debug|Any CPU
		{5A19DBA0-E8D6-427D-BAB8-1AF865C8644E}.Debug|x86.Build.0 = Debug|Any CPU
		{5A19DBA0-E8D6-427D-BAB8-1AF865C8644E}.Release|Any CPU.ActiveCfg = Release|Any CPU
		{5A19DBA0-E8D6-427D-BAB8-1AF865C8644E}.Release|Any CPU.Build.0 = Release|Any CPU
		{5A19DBA0-E8D6-427D-BAB8-1AF865C8644E}.Release|x64.ActiveCfg = Release|Any CPU
		{5A19DBA0-E8D6-427D-BAB8-1AF865C8644E}.Release|x64.Build.0 = Release|Any CPU
		{5A19DBA0-E8D6-427D-BAB8-1AF865C8644E}.Release|x86.ActiveCfg = Release|Any CPU
		{5A19DBA0-E8D6-427D-BAB8-1AF865C8644E}.Release|x86.Build.0 = Release|Any CPU
		{18D59B3C-DA88-4785-9A38-DDA095463505}.Debug|Any CPU.ActiveCfg = Debug|Any CPU
		{18D59B3C-DA88-4785-9A38-DDA095463505}.Debug|Any CPU.Build.0 = Debug|Any CPU
		{18D59B3C-DA88-4785-9A38-DDA095463505}.Debug|x64.ActiveCfg = Debug|Any CPU
		{18D59B3C-DA88-4785-9A38-DDA095463505}.Debug|x64.Build.0 = Debug|Any CPU
		{18D59B3C-DA88-4785-9A38-DDA095463505}.Debug|x86.ActiveCfg = Debug|Any CPU
		{18D59B3C-DA88-4785-9A38-DDA095463505}.Debug|x86.Build.0 = Debug|Any CPU
		{18D59B3C-DA88-4785-9A38-DDA095463505}.Release|Any CPU.ActiveCfg = Release|Any CPU
		{18D59B3C-DA88-4785-9A38-DDA095463505}.Release|Any CPU.Build.0 = Release|Any CPU
		{18D59B3C-DA88-4785-9A38-DDA095463505}.Release|x64.ActiveCfg = Release|Any CPU
		{18D59B3C-DA88-4785-9A38-DDA095463505}.Release|x64.Build.0 = Release|Any CPU
		{18D59B3C-DA88-4785-9A38-DDA095463505}.Release|x86.ActiveCfg = Release|Any CPU
		{18D59B3C-DA88-4785-9A38-DDA095463505}.Release|x86.Build.0 = Release|Any CPU
	EndGlobalSection
	GlobalSection(NestedProjects) = preSolution
		{87DE735B-DCE9-4873-8051-C9CC3ECBAA32} = {510314F1-D0EC-4897-A915-66F8C68EA0CC}
		{C9E5EA2E-5118-498A-AC61-01FD919B0B7A} = {510314F1-D0EC-4897-A915-66F8C68EA0CC}
		{95DD5CAF-6067-4162-B1F2-913376862613} = {510314F1-D0EC-4897-A915-66F8C68EA0CC}
		{165E54F0-428A-46BF-A347-B5C6F222854F} = {5BC7068E-D115-44C4-A285-B4FB9389B0AE}
		{6A567326-745B-49B9-86DF-FE66B4B63AC4} = {510314F1-D0EC-4897-A915-66F8C68EA0CC}
		{5A19DBA0-E8D6-427D-BAB8-1AF865C8644E} = {510314F1-D0EC-4897-A915-66F8C68EA0CC}
		{18D59B3C-DA88-4785-9A38-DDA095463505} = {510314F1-D0EC-4897-A915-66F8C68EA0CC}
	EndGlobalSection
EndGlobal
